# This file is automatically @generated by Cargo.
# It is not intended for manual editing.
version = 3

[[package]]
name = "rdbms_catalog"
version = "0.1.0"
dependencies = [
 "rdbms_core",
 "rdbms_page",
 "rdbms_vfs",
]

[[package]]
name = "rdbms_cli"
version = "0.1.0"
dependencies = [
 "rdbms_core",
 "rdbms_sql",
]

[[package]]
name = "rdbms_core"
version = "0.1.0"

[[package]]
name = "rdbms_ext_abi"
version = "0.1.0"

[[package]]
name = "rdbms_index"
version = "0.1.0"
dependencies = [
 "rdbms_core",
 "rdbms_page",
]

[[package]]
name = "rdbms_page"
version = "0.1.0"
dependencies = [
 "rdbms_core",
]

[[package]]
name = "rdbms_recovery"
version = "0.1.0"
dependencies = [
 "rdbms_core",
 "rdbms_page",
 "rdbms_vfs",
 "rdbms_wal",
]

[[package]]
name = "rdbms_sql"
version = "0.1.0"
dependencies = [
 "rdbms_catalog",
 "rdbms_core",
 "rdbms_index",
 "rdbms_tx",
 "rdbms_vfs",
]

[[package]]
name = "rdbms_tx"
version = "0.1.0"
dependencies = [
 "rdbms_catalog",
 "rdbms_core",
 "rdbms_index",
 "rdbms_page",
 "rdbms_recovery",
 "rdbms_vfs",
 "rdbms_wal",
]

[[package]]
name = "rdbms_vfs"
version = "0.1.0"
dependencies = [
 "rdbms_core",
 "rdbms_page",
]

[[package]]
name = "rdbms_wal"
version = "0.1.0"
dependencies = [
 "rdbms_core",
 "rdbms_page",
 "rdbms_vfs",
]
